
Microsoft Visual Studio Solution File, Format Version 12.00
# Visual Studio Version 16
VisualStudioVersion = 16.0.33920.266
MinimumVisualStudioVersion = 10.0.40219.1
Project("{FAE04EC0-301F-11D3-BF4B-00C04F79EFBC}") = "CelilCavus.MVC5.BlogApp", "CelilCavus.MVC5.BlogApp.csproj", "{6A92704F-221D-47F5-88E5-44ECAFBF8019}"
EndProject
Project("{FAE04EC0-301F-11D3-BF4B-00C04F79EFBC}") = "01.EntityLayer", "01.EntityLayer\01.EntityLayer.csproj", "{9331AB9A-7013-4109-99F6-8A25C55C9AD3}"
EndProject
Project("{FAE04EC0-301F-11D3-BF4B-00C04F79EFBC}") = "02.DataAccessLayer", "02.DataAccessLayer\02.DataAccessLayer.csproj", "{F8C09077-03C0-41A1-8C80-BFC2CC3FA9C1}"
EndProject
Project("{FAE04EC0-301F-11D3-BF4B-00C04F79EFBC}") = "03.BusinessLayer", "03.BusinessLayer\03.BusinessLayer.csproj", "{3823FAE5-D3BA-44ED-A5FA-4E4CB5DABF36}"
EndProject
Global
	GlobalSection(SolutionConfigurationPlatforms) = preSolution
		Debug|Any CPU = Debug|Any CPU
		Release|Any CPU = Release|Any CPU
	EndGlobalSection
	GlobalSection(ProjectConfigurationPlatforms) = postSolution
		{6A92704F-221D-47F5-88E5-44ECAFBF8019}.Debug|Any CPU.ActiveCfg = Debug|Any CPU
		{6A92704F-221D-47F5-88E5-44ECAFBF8019}.Debug|Any CPU.Build.0 = Debug|Any CPU
		{6A92704F-221D-47F5-88E5-44ECAFBF8019}.Release|Any CPU.ActiveCfg = Release|Any CPU
		{6A92704F-221D-47F5-88E5-44ECAFBF8019}.Release|Any CPU.Build.0 = Release|Any CPU
		{9331AB9A-7013-4109-99F6-8A25C55C9AD3}.Debug|Any CPU.ActiveCfg = Debug|Any CPU
		{9331AB9A-7013-4109-99F6-8A25C55C9AD3}.Debug|Any CPU.Build.0 = Debug|Any CPU
		{9331AB9A-7013-4109-99F6-8A25C55C9AD3}.Release|Any CPU.ActiveCfg = Release|Any CPU
		{9331AB9A-7013-4109-99F6-8A25C55C9AD3}.Release|Any CPU.Build.0 = Release|Any CPU
		{F8C09077-03C0-41A1-8C80-BFC2CC3FA9C1}.Debug|Any CPU.ActiveCfg = Debug|Any CPU
		{F8C09077-03C0-41A1-8C80-BFC2CC3FA9C1}.Debug|Any CPU.Build.0 = Debug|Any CPU
		{F8C09077-03C0-41A1-8C80-BFC2CC3FA9C1}.Release|Any CPU.ActiveCfg = Release|Any CPU
		{F8C09077-03C0-41A1-8C80-BFC2CC3FA9C1}.Release|Any CPU.Build.0 = Release|Any CPU
		{3823FAE5-D3BA-44ED-A5FA-4E4CB5DABF36}.Debug|Any CPU.ActiveCfg = Debug|Any CPU
		{3823FAE5-D3BA-44ED-A5FA-4E4CB5DABF36}.Debug|Any CPU.Build.0 = Debug|Any CPU
		{3823FAE5-D3BA-44ED-A5FA-4E4CB5DABF36}.Release|Any CPU.ActiveCfg = Release|Any CPU
		{3823FAE5-D3BA-44ED-A5FA-4E4CB5DABF36}.Release|Any CPU.Build.0 = Release|Any CPU
	EndGlobalSection
	GlobalSection(SolutionProperties) = preSolution
		HideSolutionNode = FALSE
	EndGlobalSection
	GlobalSection(ExtensibilityGlobals) = postSolution
		SolutionGuid = {CD3139E4-3C72-4DC9-B230-797FBD6739BE}
	EndGlobalSection
EndGlobal
